// !$*UTF8*$!
{
	archiveVersion = 1;
	classes = {
	};
	objectVersion = 52;
	objects = {

/* Begin PBXBuildFile section */
		C028459B24943C16006FD2A3 /* VideoView.swift in Sources */ = {isa = PBXBuildFile; fileRef = C028459A24943C16006FD2A3 /* VideoView.swift */; };
		C02ED82A25D3B3C400EFEC8A /* StatusData.swift in Sources */ = {isa = PBXBuildFile; fileRef = C02ED82925D3B3C400EFEC8A /* StatusData.swift */; };
		C074559122CA87B100EA4132 /* StatusImgView.swift in Sources */ = {isa = PBXBuildFile; fileRef = C074559022CA87B100EA4132 /* StatusImgView.swift */; };
		C085F3C1249F417D00424269 /* VideoDetailView.swift in Sources */ = {isa = PBXBuildFile; fileRef = C085F3C0249F417D00424269 /* VideoDetailView.swift */; };
		C085F3C5249F5EF600424269 /* VideoScrollView.swift in Sources */ = {isa = PBXBuildFile; fileRef = C085F3C4249F5EF600424269 /* VideoScrollView.swift */; };
		C085F3C7249F61BD00424269 /* VideoScroll.swift in Sources */ = {isa = PBXBuildFile; fileRef = C085F3C6249F61BD00424269 /* VideoScroll.swift */; };
		C085F3CC249F631900424269 /* VideoListView.swift in Sources */ = {isa = PBXBuildFile; fileRef = C085F3CB249F631900424269 /* VideoListView.swift */; };
		C09CA0B522A6014A00B28214 /* Stickers.xcassets in Resources */ = {isa = PBXBuildFile; fileRef = C09CA0B422A6014A00B28214 /* Stickers.xcassets */; };
		C09CA0B922A6014A00B28214 /* Sticker Extension.appex in Embed App Extensions */ = {isa = PBXBuildFile; fileRef = C09CA0B222A6014900B28214 /* Sticker Extension.appex */; platformFilter = ios; settings = {ATTRIBUTES = (RemoveHeadersOnCopy, ); }; };
		C0B0B5F825D37C38003C8E74 /* VideoData.swift in Sources */ = {isa = PBXBuildFile; fileRef = C0B0B5F725D37C38003C8E74 /* VideoData.swift */; };
		C0CC27E922A5FF4F00EDA13E /* AppDelegate.swift in Sources */ = {isa = PBXBuildFile; fileRef = C0CC27E822A5FF4F00EDA13E /* AppDelegate.swift */; };
		C0CC27EB22A5FF4F00EDA13E /* SceneDelegate.swift in Sources */ = {isa = PBXBuildFile; fileRef = C0CC27EA22A5FF4F00EDA13E /* SceneDelegate.swift */; };
		C0CC27ED22A5FF4F00EDA13E /* ContentView.swift in Sources */ = {isa = PBXBuildFile; fileRef = C0CC27EC22A5FF4F00EDA13E /* ContentView.swift */; };
		C0CC27EF22A5FF5100EDA13E /* Assets.xcassets in Resources */ = {isa = PBXBuildFile; fileRef = C0CC27EE22A5FF5100EDA13E /* Assets.xcassets */; };
		C0CC27F222A5FF5100EDA13E /* Preview Assets.xcassets in Resources */ = {isa = PBXBuildFile; fileRef = C0CC27F122A5FF5100EDA13E /* Preview Assets.xcassets */; };
		C0CC27F522A5FF5100EDA13E /* LaunchScreen.storyboard in Resources */ = {isa = PBXBuildFile; fileRef = C0CC27F322A5FF5100EDA13E /* LaunchScreen.storyboard */; };
		C0CC280322A6008900EDA13E /* Interface.storyboard in Resources */ = {isa = PBXBuildFile; fileRef = C0CC280122A6008900EDA13E /* Interface.storyboard */; };
		C0CC280522A6008B00EDA13E /* Assets.xcassets in Resources */ = {isa = PBXBuildFile; fileRef = C0CC280422A6008B00EDA13E /* Assets.xcassets */; };
		C0CC280C22A6008B00EDA13E /* Watch App Extension.appex in Embed App Extensions */ = {isa = PBXBuildFile; fileRef = C0CC280B22A6008B00EDA13E /* Watch App Extension.appex */; settings = {ATTRIBUTES = (RemoveHeadersOnCopy, ); }; };
		C0CC281122A6008B00EDA13E /* ContentView.swift in Sources */ = {isa = PBXBuildFile; fileRef = C0CC281022A6008B00EDA13E /* ContentView.swift */; };
		C0CC281322A6008B00EDA13E /* HostingController.swift in Sources */ = {isa = PBXBuildFile; fileRef = C0CC281222A6008B00EDA13E /* HostingController.swift */; };
		C0CC281522A6008B00EDA13E /* ExtensionDelegate.swift in Sources */ = {isa = PBXBuildFile; fileRef = C0CC281422A6008B00EDA13E /* ExtensionDelegate.swift */; };
		C0CC281722A6008B00EDA13E /* NotificationController.swift in Sources */ = {isa = PBXBuildFile; fileRef = C0CC281622A6008B00EDA13E /* NotificationController.swift */; };
		C0CC281922A6008B00EDA13E /* NotificationView.swift in Sources */ = {isa = PBXBuildFile; fileRef = C0CC281822A6008B00EDA13E /* NotificationView.swift */; };
		C0CC281B22A6008B00EDA13E /* ComplicationController.swift in Sources */ = {isa = PBXBuildFile; fileRef = C0CC281A22A6008B00EDA13E /* ComplicationController.swift */; };
		C0CC281D22A6008B00EDA13E /* Assets.xcassets in Resources */ = {isa = PBXBuildFile; fileRef = C0CC281C22A6008B00EDA13E /* Assets.xcassets */; };
		C0CC282022A6008B00EDA13E /* Preview Assets.xcassets in Resources */ = {isa = PBXBuildFile; fileRef = C0CC281F22A6008B00EDA13E /* Preview Assets.xcassets */; };
		C0CC282522A6008B00EDA13E /* Watch App.app in Embed Watch Content */ = {isa = PBXBuildFile; fileRef = C0CC27FF22A6008900EDA13E /* Watch App.app */; platformFilter = ios; settings = {ATTRIBUTES = (RemoveHeadersOnCopy, ); }; };
		C0D2C26922EF5F9400D79E99 /* FiraCode-Retina.otf in Resources */ = {isa = PBXBuildFile; fileRef = C0D2C26822EF5F9400D79E99 /* FiraCode-Retina.otf */; };
		C0D2C26B22EF609300D79E99 /* SpotifyView.swift in Sources */ = {isa = PBXBuildFile; fileRef = C0D2C26A22EF609300D79E99 /* SpotifyView.swift */; };
		C0E4F87D24A4246E007F48FC /* WidgetKit.framework in Frameworks */ = {isa = PBXBuildFile; fileRef = C0E4F87C24A4246E007F48FC /* WidgetKit.framework */; };
		C0E4F87F24A4246E007F48FC /* SwiftUI.framework in Frameworks */ = {isa = PBXBuildFile; fileRef = C0E4F87E24A4246E007F48FC /* SwiftUI.framework */; };
		C0E4F88224A4246E007F48FC /* WhiteHatWidget.swift in Sources */ = {isa = PBXBuildFile; fileRef = C0E4F88124A4246E007F48FC /* WhiteHatWidget.swift */; };
		C0E4F88824A4246E007F48FC /* WhiteHatWidgetExtension.appex in Embed App Extensions */ = {isa = PBXBuildFile; fileRef = C0E4F87B24A4246E007F48FC /* WhiteHatWidgetExtension.appex */; settings = {ATTRIBUTES = (RemoveHeadersOnCopy, ); }; };
		C0E4F88D24A424A8007F48FC /* Shared.xcassets in Resources */ = {isa = PBXBuildFile; fileRef = C0F5E41F24A2BAE6004E7CCA /* Shared.xcassets */; };
		C0E4F89224A4261C007F48FC /* WidgetView.swift in Sources */ = {isa = PBXBuildFile; fileRef = C0E4F88E24A4252C007F48FC /* WidgetView.swift */; };
		C0F5E41C24A2B8BC004E7CCA /* EmailView.swift in Sources */ = {isa = PBXBuildFile; fileRef = C0F5E41B24A2B8BC004E7CCA /* EmailView.swift */; };
		C0F5E42024A2BAE6004E7CCA /* Shared.xcassets in Resources */ = {isa = PBXBuildFile; fileRef = C0F5E41F24A2BAE6004E7CCA /* Shared.xcassets */; };
		C0F5E42924A2BE62004E7CCA /* EventDetailView.swift in Sources */ = {isa = PBXBuildFile; fileRef = C0F5E42424A2BE62004E7CCA /* EventDetailView.swift */; };
		C0F5E42A24A2BE62004E7CCA /* EventView.swift in Sources */ = {isa = PBXBuildFile; fileRef = C0F5E42524A2BE62004E7CCA /* EventView.swift */; };
		C0F5E42B24A2BE62004E7CCA /* EventListView.swift in Sources */ = {isa = PBXBuildFile; fileRef = C0F5E42624A2BE62004E7CCA /* EventListView.swift */; };
		C0F5E42C24A2BE62004E7CCA /* EventScrollView.swift in Sources */ = {isa = PBXBuildFile; fileRef = C0F5E42724A2BE62004E7CCA /* EventScrollView.swift */; };
		C0F5E42E24A2CA4A004E7CCA /* MapView.swift in Sources */ = {isa = PBXBuildFile; fileRef = C0F5E42D24A2CA4A004E7CCA /* MapView.swift */; };
		C0F87A9022F0B77C00C2C991 /* URLImage in Frameworks */ = {isa = PBXBuildFile; productRef = C0F87A8F22F0B77C00C2C991 /* URLImage */; };
		C0F89E6524A31966003689CA /* EventScroll.swift in Sources */ = {isa = PBXBuildFile; fileRef = C0F89E6424A31966003689CA /* EventScroll.swift */; };
/* End PBXBuildFile section */

/* Begin PBXContainerItemProxy section */
		C09CA0B722A6014A00B28214 /* PBXContainerItemProxy */ = {
			isa = PBXContainerItemProxy;
			containerPortal = C0CC27DD22A5FF4F00EDA13E /* Project object */;
			proxyType = 1;
			remoteGlobalIDString = C09CA0B122A6014900B28214;
			remoteInfo = "Sticker Extension";
		};
		C0CC280D22A6008B00EDA13E /* PBXContainerItemProxy */ = {
			isa = PBXContainerItemProxy;
			containerPortal = C0CC27DD22A5FF4F00EDA13E /* Project object */;
			proxyType = 1;
			remoteGlobalIDString = C0CC280A22A6008B00EDA13E;
			remoteInfo = "Watch App Extension";
		};
		C0CC282322A6008B00EDA13E /* PBXContainerItemProxy */ = {
			isa = PBXContainerItemProxy;
			containerPortal = C0CC27DD22A5FF4F00EDA13E /* Project object */;
			proxyType = 1;
			remoteGlobalIDString = C0CC27FE22A6008900EDA13E;
			remoteInfo = "Watch App";
		};
		C0E4F88624A4246E007F48FC /* PBXContainerItemProxy */ = {
			isa = PBXContainerItemProxy;
			containerPortal = C0CC27DD22A5FF4F00EDA13E /* Project object */;
			proxyType = 1;
			remoteGlobalIDString = C0E4F87A24A4246E007F48FC;
			remoteInfo = WhiteHatWidgetExtension;
		};
/* End PBXContainerItemProxy section */

/* Begin PBXCopyFilesBuildPhase section */
		C0515E9624A195F4005D6A1F /* Embed App Clips */ = {
			isa = PBXCopyFilesBuildPhase;
			buildActionMask = 2147483647;
			dstPath = "$(CONTENTS_FOLDER_PATH)/AppClips";
			dstSubfolderSpec = 16;
			files = (
			);
			name = "Embed App Clips";
			runOnlyForDeploymentPostprocessing = 0;
		};
		C09CA0BA22A6014A00B28214 /* Embed App Extensions */ = {
			isa = PBXCopyFilesBuildPhase;
			buildActionMask = 2147483647;
			dstPath = "";
			dstSubfolderSpec = 13;
			files = (
				C0E4F88824A4246E007F48FC /* WhiteHatWidgetExtension.appex in Embed App Extensions */,
				C09CA0B922A6014A00B28214 /* Sticker Extension.appex in Embed App Extensions */,
			);
			name = "Embed App Extensions";
			runOnlyForDeploymentPostprocessing = 0;
		};
		C0CC282922A6008B00EDA13E /* Embed App Extensions */ = {
			isa = PBXCopyFilesBuildPhase;
			buildActionMask = 2147483647;
			dstPath = "";
			dstSubfolderSpec = 13;
			files = (
				C0CC280C22A6008B00EDA13E /* Watch App Extension.appex in Embed App Extensions */,
			);
			name = "Embed App Extensions";
			runOnlyForDeploymentPostprocessing = 0;
		};
		C0CC282D22A6008B00EDA13E /* Embed Watch Content */ = {
			isa = PBXCopyFilesBuildPhase;
			buildActionMask = 2147483647;
			dstPath = "$(CONTENTS_FOLDER_PATH)/Watch";
			dstSubfolderSpec = 16;
			files = (
				C0CC282522A6008B00EDA13E /* Watch App.app in Embed Watch Content */,
			);
			name = "Embed Watch Content";
			runOnlyForDeploymentPostprocessing = 0;
		};
/* End PBXCopyFilesBuildPhase section */

/* Begin PBXFileReference section */
		C028459A24943C16006FD2A3 /* VideoView.swift */ = {isa = PBXFileReference; lastKnownFileType = sourcecode.swift; path = VideoView.swift; sourceTree = "<group>"; };
		C02ED82925D3B3C400EFEC8A /* StatusData.swift */ = {isa = PBXFileReference; lastKnownFileType = sourcecode.swift; path = StatusData.swift; sourceTree = "<group>"; };
		C0515E8824A195F3005D6A1F /* WH_App_ClipApp.swift */ = {isa = PBXFileReference; lastKnownFileType = sourcecode.swift; path = WH_App_ClipApp.swift; sourceTree = "<group>"; };
		C0515E8A24A195F3005D6A1F /* ContentView.swift */ = {isa = PBXFileReference; lastKnownFileType = sourcecode.swift; path = ContentView.swift; sourceTree = "<group>"; };
		C0515E8F24A195F4005D6A1F /* Preview Assets.xcassets */ = {isa = PBXFileReference; lastKnownFileType = folder.assetcatalog; path = "Preview Assets.xcassets"; sourceTree = "<group>"; };
		C0515E9124A195F4005D6A1F /* Info.plist */ = {isa = PBXFileReference; lastKnownFileType = text.plist.xml; path = Info.plist; sourceTree = "<group>"; };
		C0515E9224A195F4005D6A1F /* WH_App_Clip.entitlements */ = {isa = PBXFileReference; lastKnownFileType = text.plist.entitlements; path = WH_App_Clip.entitlements; sourceTree = "<group>"; };
		C074559022CA87B100EA4132 /* StatusImgView.swift */ = {isa = PBXFileReference; lastKnownFileType = sourcecode.swift; path = StatusImgView.swift; sourceTree = "<group>"; };
		C085F3C0249F417D00424269 /* VideoDetailView.swift */ = {isa = PBXFileReference; lastKnownFileType = sourcecode.swift; path = VideoDetailView.swift; sourceTree = "<group>"; };
		C085F3C4249F5EF600424269 /* VideoScrollView.swift */ = {isa = PBXFileReference; lastKnownFileType = sourcecode.swift; path = VideoScrollView.swift; sourceTree = "<group>"; };
		C085F3C6249F61BD00424269 /* VideoScroll.swift */ = {isa = PBXFileReference; lastKnownFileType = sourcecode.swift; path = VideoScroll.swift; sourceTree = "<group>"; };
		C085F3CB249F631900424269 /* VideoListView.swift */ = {isa = PBXFileReference; lastKnownFileType = sourcecode.swift; path = VideoListView.swift; sourceTree = "<group>"; };
		C08DCDF925B1177700F33D1E /* phonebuildtargetApp.swift */ = {isa = PBXFileReference; lastKnownFileType = sourcecode.swift; path = phonebuildtargetApp.swift; sourceTree = "<group>"; };
		C08DCDFB25B1177700F33D1E /* ContentView.swift */ = {isa = PBXFileReference; lastKnownFileType = sourcecode.swift; path = ContentView.swift; sourceTree = "<group>"; };
		C08DCDFD25B1177800F33D1E /* Assets.xcassets */ = {isa = PBXFileReference; lastKnownFileType = folder.assetcatalog; path = Assets.xcassets; sourceTree = "<group>"; };
		C08DCE0025B1177800F33D1E /* Preview Assets.xcassets */ = {isa = PBXFileReference; lastKnownFileType = folder.assetcatalog; path = "Preview Assets.xcassets"; sourceTree = "<group>"; };
		C08DCE0225B1177800F33D1E /* Info.plist */ = {isa = PBXFileReference; lastKnownFileType = text.plist.xml; path = Info.plist; sourceTree = "<group>"; };
		C09CA0B222A6014900B28214 /* Sticker Extension.appex */ = {isa = PBXFileReference; explicitFileType = "wrapper.app-extension"; includeInIndex = 0; path = "Sticker Extension.appex"; sourceTree = BUILT_PRODUCTS_DIR; };
		C09CA0B422A6014A00B28214 /* Stickers.xcassets */ = {isa = PBXFileReference; lastKnownFileType = folder.assetcatalog; path = Stickers.xcassets; sourceTree = "<group>"; };
		C09CA0B622A6014A00B28214 /* Info.plist */ = {isa = PBXFileReference; lastKnownFileType = text.plist.xml; path = Info.plist; sourceTree = "<group>"; };
		C0A1F5CD22A72ED70020F29D /* NotificationCenter.framework */ = {isa = PBXFileReference; lastKnownFileType = wrapper.framework; name = NotificationCenter.framework; path = System/Library/Frameworks/NotificationCenter.framework; sourceTree = SDKROOT; };
		C0B0B5F725D37C38003C8E74 /* VideoData.swift */ = {isa = PBXFileReference; lastKnownFileType = sourcecode.swift; path = VideoData.swift; sourceTree = "<group>"; };
		C0CC27E522A5FF4F00EDA13E /* WH-SwiftUI.app */ = {isa = PBXFileReference; explicitFileType = wrapper.application; includeInIndex = 0; path = "WH-SwiftUI.app"; sourceTree = BUILT_PRODUCTS_DIR; };
		C0CC27E822A5FF4F00EDA13E /* AppDelegate.swift */ = {isa = PBXFileReference; lastKnownFileType = sourcecode.swift; path = AppDelegate.swift; sourceTree = "<group>"; };
		C0CC27EA22A5FF4F00EDA13E /* SceneDelegate.swift */ = {isa = PBXFileReference; lastKnownFileType = sourcecode.swift; path = SceneDelegate.swift; sourceTree = "<group>"; };
		C0CC27EC22A5FF4F00EDA13E /* ContentView.swift */ = {isa = PBXFileReference; lastKnownFileType = sourcecode.swift; path = ContentView.swift; sourceTree = "<group>"; };
		C0CC27EE22A5FF5100EDA13E /* Assets.xcassets */ = {isa = PBXFileReference; lastKnownFileType = folder.assetcatalog; path = Assets.xcassets; sourceTree = "<group>"; };
		C0CC27F122A5FF5100EDA13E /* Preview Assets.xcassets */ = {isa = PBXFileReference; lastKnownFileType = folder.assetcatalog; path = "Preview Assets.xcassets"; sourceTree = "<group>"; };
		C0CC27F422A5FF5100EDA13E /* Base */ = {isa = PBXFileReference; lastKnownFileType = file.storyboard; name = Base; path = Base.lproj/LaunchScreen.storyboard; sourceTree = "<group>"; };
		C0CC27F622A5FF5100EDA13E /* Info.plist */ = {isa = PBXFileReference; lastKnownFileType = text.plist.xml; path = Info.plist; sourceTree = "<group>"; };
		C0CC27FC22A6000900EDA13E /* WH-SwiftUI.entitlements */ = {isa = PBXFileReference; lastKnownFileType = text.plist.entitlements; path = "WH-SwiftUI.entitlements"; sourceTree = "<group>"; };
		C0CC27FF22A6008900EDA13E /* Watch App.app */ = {isa = PBXFileReference; explicitFileType = wrapper.application; includeInIndex = 0; path = "Watch App.app"; sourceTree = BUILT_PRODUCTS_DIR; };
		C0CC280222A6008900EDA13E /* Base */ = {isa = PBXFileReference; lastKnownFileType = file.storyboard; name = Base; path = Base.lproj/Interface.storyboard; sourceTree = "<group>"; };
		C0CC280422A6008B00EDA13E /* Assets.xcassets */ = {isa = PBXFileReference; lastKnownFileType = folder.assetcatalog; path = Assets.xcassets; sourceTree = "<group>"; };
		C0CC280622A6008B00EDA13E /* Info.plist */ = {isa = PBXFileReference; lastKnownFileType = text.plist.xml; path = Info.plist; sourceTree = "<group>"; };
		C0CC280B22A6008B00EDA13E /* Watch App Extension.appex */ = {isa = PBXFileReference; explicitFileType = "wrapper.app-extension"; includeInIndex = 0; path = "Watch App Extension.appex"; sourceTree = BUILT_PRODUCTS_DIR; };
		C0CC281022A6008B00EDA13E /* ContentView.swift */ = {isa = PBXFileReference; lastKnownFileType = sourcecode.swift; path = ContentView.swift; sourceTree = "<group>"; };
		C0CC281222A6008B00EDA13E /* HostingController.swift */ = {isa = PBXFileReference; lastKnownFileType = sourcecode.swift; path = HostingController.swift; sourceTree = "<group>"; };
		C0CC281422A6008B00EDA13E /* ExtensionDelegate.swift */ = {isa = PBXFileReference; lastKnownFileType = sourcecode.swift; path = ExtensionDelegate.swift; sourceTree = "<group>"; };
		C0CC281622A6008B00EDA13E /* NotificationController.swift */ = {isa = PBXFileReference; lastKnownFileType = sourcecode.swift; path = NotificationController.swift; sourceTree = "<group>"; };
		C0CC281822A6008B00EDA13E /* NotificationView.swift */ = {isa = PBXFileReference; lastKnownFileType = sourcecode.swift; path = NotificationView.swift; sourceTree = "<group>"; };
		C0CC281A22A6008B00EDA13E /* ComplicationController.swift */ = {isa = PBXFileReference; lastKnownFileType = sourcecode.swift; path = ComplicationController.swift; sourceTree = "<group>"; };
		C0CC281C22A6008B00EDA13E /* Assets.xcassets */ = {isa = PBXFileReference; lastKnownFileType = folder.assetcatalog; path = Assets.xcassets; sourceTree = "<group>"; };
		C0CC281F22A6008B00EDA13E /* Preview Assets.xcassets */ = {isa = PBXFileReference; lastKnownFileType = folder.assetcatalog; path = "Preview Assets.xcassets"; sourceTree = "<group>"; };
		C0CC282122A6008B00EDA13E /* Info.plist */ = {isa = PBXFileReference; lastKnownFileType = text.plist.xml; path = Info.plist; sourceTree = "<group>"; };
		C0CC282222A6008B00EDA13E /* PushNotificationPayload.apns */ = {isa = PBXFileReference; lastKnownFileType = text; path = PushNotificationPayload.apns; sourceTree = "<group>"; };
		C0D2C26822EF5F9400D79E99 /* FiraCode-Retina.otf */ = {isa = PBXFileReference; lastKnownFileType = file; path = "FiraCode-Retina.otf"; sourceTree = "<group>"; };
		C0D2C26A22EF609300D79E99 /* SpotifyView.swift */ = {isa = PBXFileReference; lastKnownFileType = sourcecode.swift; path = SpotifyView.swift; sourceTree = "<group>"; };
		C0E4F87B24A4246E007F48FC /* WhiteHatWidgetExtension.appex */ = {isa = PBXFileReference; explicitFileType = "wrapper.app-extension"; includeInIndex = 0; path = WhiteHatWidgetExtension.appex; sourceTree = BUILT_PRODUCTS_DIR; };
		C0E4F87C24A4246E007F48FC /* WidgetKit.framework */ = {isa = PBXFileReference; lastKnownFileType = wrapper.framework; name = WidgetKit.framework; path = System/Library/Frameworks/WidgetKit.framework; sourceTree = SDKROOT; };
		C0E4F87E24A4246E007F48FC /* SwiftUI.framework */ = {isa = PBXFileReference; lastKnownFileType = wrapper.framework; name = SwiftUI.framework; path = System/Library/Frameworks/SwiftUI.framework; sourceTree = SDKROOT; };
		C0E4F88124A4246E007F48FC /* WhiteHatWidget.swift */ = {isa = PBXFileReference; lastKnownFileType = sourcecode.swift; path = WhiteHatWidget.swift; sourceTree = "<group>"; };
		C0E4F88524A4246E007F48FC /* Info.plist */ = {isa = PBXFileReference; lastKnownFileType = text.plist.xml; path = Info.plist; sourceTree = "<group>"; };
		C0E4F88924A4246E007F48FC /* WhiteHatWidgetExtension.entitlements */ = {isa = PBXFileReference; lastKnownFileType = text.plist.entitlements; path = WhiteHatWidgetExtension.entitlements; sourceTree = "<group>"; };
		C0E4F88E24A4252C007F48FC /* WidgetView.swift */ = {isa = PBXFileReference; lastKnownFileType = sourcecode.swift; path = WidgetView.swift; sourceTree = "<group>"; };
		C0F5E41B24A2B8BC004E7CCA /* EmailView.swift */ = {isa = PBXFileReference; lastKnownFileType = sourcecode.swift; path = EmailView.swift; sourceTree = "<group>"; };
		C0F5E41F24A2BAE6004E7CCA /* Shared.xcassets */ = {isa = PBXFileReference; lastKnownFileType = folder.assetcatalog; path = Shared.xcassets; sourceTree = "<group>"; };
		C0F5E42424A2BE62004E7CCA /* EventDetailView.swift */ = {isa = PBXFileReference; fileEncoding = 4; lastKnownFileType = sourcecode.swift; path = EventDetailView.swift; sourceTree = "<group>"; };
		C0F5E42524A2BE62004E7CCA /* EventView.swift */ = {isa = PBXFileReference; fileEncoding = 4; lastKnownFileType = sourcecode.swift; path = EventView.swift; sourceTree = "<group>"; };
		C0F5E42624A2BE62004E7CCA /* EventListView.swift */ = {isa = PBXFileReference; fileEncoding = 4; lastKnownFileType = sourcecode.swift; path = EventListView.swift; sourceTree = "<group>"; };
		C0F5E42724A2BE62004E7CCA /* EventScrollView.swift */ = {isa = PBXFileReference; fileEncoding = 4; lastKnownFileType = sourcecode.swift; path = EventScrollView.swift; sourceTree = "<group>"; };
		C0F5E42D24A2CA4A004E7CCA /* MapView.swift */ = {isa = PBXFileReference; lastKnownFileType = sourcecode.swift; path = MapView.swift; sourceTree = "<group>"; };
		C0F89E6424A31966003689CA /* EventScroll.swift */ = {isa = PBXFileReference; lastKnownFileType = sourcecode.swift; path = EventScroll.swift; sourceTree = "<group>"; };
/* End PBXFileReference section */

/* Begin PBXFrameworksBuildPhase section */
		40D4EE228E8FAF3C015F88A7 /* Frameworks */ = {
			isa = PBXFrameworksBuildPhase;
			buildActionMask = 2147483647;
			files = (
			);
			runOnlyForDeploymentPostprocessing = 0;
		};
		A4D34B89FBFC1FE471075AEE /* Frameworks */ = {
			isa = PBXFrameworksBuildPhase;
			buildActionMask = 2147483647;
			files = (
			);
			runOnlyForDeploymentPostprocessing = 0;
		};
		C0CC27E222A5FF4F00EDA13E /* Frameworks */ = {
			isa = PBXFrameworksBuildPhase;
			buildActionMask = 2147483647;
			files = (
				C0F87A9022F0B77C00C2C991 /* URLImage in Frameworks */,
			);
			runOnlyForDeploymentPostprocessing = 0;
		};
		C0CC280822A6008B00EDA13E /* Frameworks */ = {
			isa = PBXFrameworksBuildPhase;
			buildActionMask = 2147483647;
			files = (
			);
			runOnlyForDeploymentPostprocessing = 0;
		};
		C0E4F87824A4246E007F48FC /* Frameworks */ = {
			isa = PBXFrameworksBuildPhase;
			buildActionMask = 2147483647;
			files = (
				C0E4F87F24A4246E007F48FC /* SwiftUI.framework in Frameworks */,
				C0E4F87D24A4246E007F48FC /* WidgetKit.framework in Frameworks */,
			);
			runOnlyForDeploymentPostprocessing = 0;
		};
/* End PBXFrameworksBuildPhase section */

/* Begin PBXGroup section */
		C0515E8724A195F3005D6A1F /* WH App Clip */ = {
			isa = PBXGroup;
			children = (
				C0515E8824A195F3005D6A1F /* WH_App_ClipApp.swift */,
				C0515E8A24A195F3005D6A1F /* ContentView.swift */,
				C0515E9124A195F4005D6A1F /* Info.plist */,
				C0515E9224A195F4005D6A1F /* WH_App_Clip.entitlements */,
				C0515E8E24A195F4005D6A1F /* Preview Content */,
			);
			path = "WH App Clip";
			sourceTree = "<group>";
		};
		C0515E8E24A195F4005D6A1F /* Preview Content */ = {
			isa = PBXGroup;
			children = (
				C0515E8F24A195F4005D6A1F /* Preview Assets.xcassets */,
			);
			path = "Preview Content";
			sourceTree = "<group>";
		};
		C085F3C8249F61FA00424269 /* Video */ = {
			isa = PBXGroup;
			children = (
				C085F3C0249F417D00424269 /* VideoDetailView.swift */,
				C028459A24943C16006FD2A3 /* VideoView.swift */,
				C085F3C4249F5EF600424269 /* VideoScrollView.swift */,
				C085F3C6249F61BD00424269 /* VideoScroll.swift */,
				C085F3CB249F631900424269 /* VideoListView.swift */,
			);
			path = Video;
			sourceTree = "<group>";
		};
		C085F3C9249F623600424269 /* Misc */ = {
			isa = PBXGroup;
			children = (
				C0CC27E822A5FF4F00EDA13E /* AppDelegate.swift */,
				C0CC27EA22A5FF4F00EDA13E /* SceneDelegate.swift */,
				C0B0B5F725D37C38003C8E74 /* VideoData.swift */,
				C02ED82925D3B3C400EFEC8A /* StatusData.swift */,
			);
			path = Misc;
			sourceTree = "<group>";
		};
		C085F3CA249F624D00424269 /* Misc Supporting Views */ = {
			isa = PBXGroup;
			children = (
				C074559022CA87B100EA4132 /* StatusImgView.swift */,
				C0D2C26A22EF609300D79E99 /* SpotifyView.swift */,
				C0F5E41B24A2B8BC004E7CCA /* EmailView.swift */,
				C0F5E42D24A2CA4A004E7CCA /* MapView.swift */,
			);
			path = "Misc Supporting Views";
			sourceTree = "<group>";
		};
		C08DCDF825B1177700F33D1E /* phonebuildtarget */ = {
			isa = PBXGroup;
			children = (
				C08DCDF925B1177700F33D1E /* phonebuildtargetApp.swift */,
				C08DCDFB25B1177700F33D1E /* ContentView.swift */,
				C08DCDFD25B1177800F33D1E /* Assets.xcassets */,
				C08DCE0225B1177800F33D1E /* Info.plist */,
				C08DCDFF25B1177800F33D1E /* Preview Content */,
			);
			path = phonebuildtarget;
			sourceTree = "<group>";
		};
		C08DCDFF25B1177800F33D1E /* Preview Content */ = {
			isa = PBXGroup;
			children = (
				C08DCE0025B1177800F33D1E /* Preview Assets.xcassets */,
			);
			path = "Preview Content";
			sourceTree = "<group>";
		};
		C09CA0B322A6014900B28214 /* Sticker Extension */ = {
			isa = PBXGroup;
			children = (
				C09CA0B422A6014A00B28214 /* Stickers.xcassets */,
				C09CA0B622A6014A00B28214 /* Info.plist */,
			);
			path = "Sticker Extension";
			sourceTree = "<group>";
		};
		C0A1F5CC22A72ED70020F29D /* Frameworks */ = {
			isa = PBXGroup;
			children = (
				C0A1F5CD22A72ED70020F29D /* NotificationCenter.framework */,
				C0E4F87C24A4246E007F48FC /* WidgetKit.framework */,
				C0E4F87E24A4246E007F48FC /* SwiftUI.framework */,
			);
			name = Frameworks;
			sourceTree = "<group>";
		};
		C0CC27DC22A5FF4F00EDA13E = {
			isa = PBXGroup;
			children = (
				C0E4F88924A4246E007F48FC /* WhiteHatWidgetExtension.entitlements */,
				C0CC27E722A5FF4F00EDA13E /* WH-SwiftUI */,
				C0E4F88024A4246E007F48FC /* WhiteHatWidget */,
				C0CC280022A6008900EDA13E /* Watch App */,
				C0CC280F22A6008B00EDA13E /* Watch App Extension */,
				C09CA0B322A6014900B28214 /* Sticker Extension */,
				C0515E8724A195F3005D6A1F /* WH App Clip */,
				C08DCDF825B1177700F33D1E /* phonebuildtarget */,
				C0A1F5CC22A72ED70020F29D /* Frameworks */,
				C0CC27E622A5FF4F00EDA13E /* Products */,
			);
			sourceTree = "<group>";
		};
		C0CC27E622A5FF4F00EDA13E /* Products */ = {
			isa = PBXGroup;
			children = (
				C0CC27E522A5FF4F00EDA13E /* WH-SwiftUI.app */,
				C0CC27FF22A6008900EDA13E /* Watch App.app */,
				C0CC280B22A6008B00EDA13E /* Watch App Extension.appex */,
				C09CA0B222A6014900B28214 /* Sticker Extension.appex */,
				C0E4F87B24A4246E007F48FC /* WhiteHatWidgetExtension.appex */,
			);
			name = Products;
			sourceTree = "<group>";
		};
		C0CC27E722A5FF4F00EDA13E /* WH-SwiftUI */ = {
			isa = PBXGroup;
			children = (
				C0CC27FC22A6000900EDA13E /* WH-SwiftUI.entitlements */,
				C0CC27EC22A5FF4F00EDA13E /* ContentView.swift */,
				C0F5E42224A2BDFE004E7CCA /* Events */,
				C085F3C8249F61FA00424269 /* Video */,
				C085F3C9249F623600424269 /* Misc */,
				C085F3CA249F624D00424269 /* Misc Supporting Views */,
				C0CC27EE22A5FF5100EDA13E /* Assets.xcassets */,
				C0D2C26822EF5F9400D79E99 /* FiraCode-Retina.otf */,
				C0CC27F322A5FF5100EDA13E /* LaunchScreen.storyboard */,
				C0CC27F622A5FF5100EDA13E /* Info.plist */,
				C0CC27F022A5FF5100EDA13E /* Preview Content */,
				C0F5E41F24A2BAE6004E7CCA /* Shared.xcassets */,
			);
			path = "WH-SwiftUI";
			sourceTree = "<group>";
		};
		C0CC27F022A5FF5100EDA13E /* Preview Content */ = {
			isa = PBXGroup;
			children = (
				C0CC27F122A5FF5100EDA13E /* Preview Assets.xcassets */,
			);
			path = "Preview Content";
			sourceTree = "<group>";
		};
		C0CC280022A6008900EDA13E /* Watch App */ = {
			isa = PBXGroup;
			children = (
				C0CC280122A6008900EDA13E /* Interface.storyboard */,
				C0CC280422A6008B00EDA13E /* Assets.xcassets */,
				C0CC280622A6008B00EDA13E /* Info.plist */,
			);
			path = "Watch App";
			sourceTree = "<group>";
		};
		C0CC280F22A6008B00EDA13E /* Watch App Extension */ = {
			isa = PBXGroup;
			children = (
				C0CC281022A6008B00EDA13E /* ContentView.swift */,
				C0CC281222A6008B00EDA13E /* HostingController.swift */,
				C0CC281422A6008B00EDA13E /* ExtensionDelegate.swift */,
				C0CC281622A6008B00EDA13E /* NotificationController.swift */,
				C0CC281822A6008B00EDA13E /* NotificationView.swift */,
				C0CC281A22A6008B00EDA13E /* ComplicationController.swift */,
				C0CC281C22A6008B00EDA13E /* Assets.xcassets */,
				C0CC282122A6008B00EDA13E /* Info.plist */,
				C0CC282222A6008B00EDA13E /* PushNotificationPayload.apns */,
				C0CC281E22A6008B00EDA13E /* Preview Content */,
			);
			path = "Watch App Extension";
			sourceTree = "<group>";
		};
		C0CC281E22A6008B00EDA13E /* Preview Content */ = {
			isa = PBXGroup;
			children = (
				C0CC281F22A6008B00EDA13E /* Preview Assets.xcassets */,
			);
			path = "Preview Content";
			sourceTree = "<group>";
		};
		C0E4F88024A4246E007F48FC /* WhiteHatWidget */ = {
			isa = PBXGroup;
			children = (
				C0E4F88124A4246E007F48FC /* WhiteHatWidget.swift */,
				C0E4F88E24A4252C007F48FC /* WidgetView.swift */,
				C0E4F88524A4246E007F48FC /* Info.plist */,
			);
			path = WhiteHatWidget;
			sourceTree = "<group>";
		};
		C0F5E42224A2BDFE004E7CCA /* Events */ = {
			isa = PBXGroup;
			children = (
				C0F5E42424A2BE62004E7CCA /* EventDetailView.swift */,
				C0F5E42624A2BE62004E7CCA /* EventListView.swift */,
				C0F5E42724A2BE62004E7CCA /* EventScrollView.swift */,
				C0F5E42524A2BE62004E7CCA /* EventView.swift */,
				C0F89E6424A31966003689CA /* EventScroll.swift */,
			);
			path = Events;
			sourceTree = "<group>";
		};
/* End PBXGroup section */

/* Begin PBXNativeTarget section */
		C09CA0B122A6014900B28214 /* Sticker Extension */ = {
			isa = PBXNativeTarget;
			buildConfigurationList = C09CA0BD22A6014A00B28214 /* Build configuration list for PBXNativeTarget "Sticker Extension" */;
			buildPhases = (
				C09CA0B022A6014900B28214 /* Resources */,
				A4D34B89FBFC1FE471075AEE /* Frameworks */,
			);
			buildRules = (
			);
			dependencies = (
			);
			name = "Sticker Extension";
			productName = "Sticker Extension";
			productReference = C09CA0B222A6014900B28214 /* Sticker Extension.appex */;
			productType = "com.apple.product-type.app-extension.messages-sticker-pack";
		};
		C0CC27E422A5FF4F00EDA13E /* WH-SwiftUI */ = {
			isa = PBXNativeTarget;
			buildConfigurationList = C0CC27F922A5FF5100EDA13E /* Build configuration list for PBXNativeTarget "WH-SwiftUI" */;
			buildPhases = (
				C0CC27E122A5FF4F00EDA13E /* Sources */,
				C0CC27E222A5FF4F00EDA13E /* Frameworks */,
				C0CC27E322A5FF4F00EDA13E /* Resources */,
				C0CC282D22A6008B00EDA13E /* Embed Watch Content */,
				C09CA0BA22A6014A00B28214 /* Embed App Extensions */,
				C0515E9624A195F4005D6A1F /* Embed App Clips */,
			);
			buildRules = (
			);
			dependencies = (
				C0CC282422A6008B00EDA13E /* PBXTargetDependency */,
				C09CA0B822A6014A00B28214 /* PBXTargetDependency */,
				C0E4F88724A4246E007F48FC /* PBXTargetDependency */,
			);
			name = "WH-SwiftUI";
			packageProductDependencies = (
				C0F87A8F22F0B77C00C2C991 /* URLImage */,
			);
			productName = "WH-SwiftUI";
			productReference = C0CC27E522A5FF4F00EDA13E /* WH-SwiftUI.app */;
			productType = "com.apple.product-type.application";
		};
		C0CC27FE22A6008900EDA13E /* Watch App */ = {
			isa = PBXNativeTarget;
			buildConfigurationList = C0CC282A22A6008B00EDA13E /* Build configuration list for PBXNativeTarget "Watch App" */;
			buildPhases = (
				C0CC27FD22A6008900EDA13E /* Resources */,
				C0CC282922A6008B00EDA13E /* Embed App Extensions */,
				40D4EE228E8FAF3C015F88A7 /* Frameworks */,
			);
			buildRules = (
			);
			dependencies = (
				C0CC280E22A6008B00EDA13E /* PBXTargetDependency */,
			);
			name = "Watch App";
			productName = "Watch App";
			productReference = C0CC27FF22A6008900EDA13E /* Watch App.app */;
			productType = "com.apple.product-type.application.watchapp2";
		};
		C0CC280A22A6008B00EDA13E /* Watch App Extension */ = {
			isa = PBXNativeTarget;
			buildConfigurationList = C0CC282622A6008B00EDA13E /* Build configuration list for PBXNativeTarget "Watch App Extension" */;
			buildPhases = (
				C0CC280722A6008B00EDA13E /* Sources */,
				C0CC280822A6008B00EDA13E /* Frameworks */,
				C0CC280922A6008B00EDA13E /* Resources */,
			);
			buildRules = (
			);
			dependencies = (
			);
			name = "Watch App Extension";
			productName = "Watch App Extension";
			productReference = C0CC280B22A6008B00EDA13E /* Watch App Extension.appex */;
			productType = "com.apple.product-type.watchkit2-extension";
		};
		C0E4F87A24A4246E007F48FC /* WhiteHatWidgetExtension */ = {
			isa = PBXNativeTarget;
			buildConfigurationList = C0E4F88A24A4246E007F48FC /* Build configuration list for PBXNativeTarget "WhiteHatWidgetExtension" */;
			buildPhases = (
				C0E4F87724A4246E007F48FC /* Sources */,
				C0E4F87824A4246E007F48FC /* Frameworks */,
				C0E4F87924A4246E007F48FC /* Resources */,
			);
			buildRules = (
			);
			dependencies = (
			);
			name = WhiteHatWidgetExtension;
			productName = WhiteHatWidgetExtension;
			productReference = C0E4F87B24A4246E007F48FC /* WhiteHatWidgetExtension.appex */;
			productType = "com.apple.product-type.app-extension";
		};
/* End PBXNativeTarget section */

/* Begin PBXProject section */
		C0CC27DD22A5FF4F00EDA13E /* Project object */ = {
			isa = PBXProject;
			attributes = {
				LastSwiftUpdateCheck = 1230;
				LastUpgradeCheck = 1200;
				ORGANIZATIONNAME = "Stephen Parkinson";
				TargetAttributes = {
					C09CA0B122A6014900B28214 = {
						CreatedOnToolsVersion = 11.0;
					};
					C0CC27E422A5FF4F00EDA13E = {
						CreatedOnToolsVersion = 11.0;
					};
					C0CC27FE22A6008900EDA13E = {
						CreatedOnToolsVersion = 11.0;
					};
					C0CC280A22A6008B00EDA13E = {
						CreatedOnToolsVersion = 11.0;
					};
					C0E4F87A24A4246E007F48FC = {
						CreatedOnToolsVersion = 12.0;
					};
				};
			};
			buildConfigurationList = C0CC27E022A5FF4F00EDA13E /* Build configuration list for PBXProject "WH-SwiftUI" */;
			compatibilityVersion = "Xcode 11.0";
			developmentRegion = en;
			hasScannedForEncodings = 0;
			knownRegions = (
				en,
				Base,
			);
			mainGroup = C0CC27DC22A5FF4F00EDA13E;
			packageReferences = (
				C0F87A8E22F0B77C00C2C991 /* XCRemoteSwiftPackageReference "url-image" */,
			);
			productRefGroup = C0CC27E622A5FF4F00EDA13E /* Products */;
			projectDirPath = "";
			projectRoot = "";
			targets = (
				C0CC27E422A5FF4F00EDA13E /* WH-SwiftUI */,
				C09CA0B122A6014900B28214 /* Sticker Extension */,
				C0CC27FE22A6008900EDA13E /* Watch App */,
				C0CC280A22A6008B00EDA13E /* Watch App Extension */,
				C0E4F87A24A4246E007F48FC /* WhiteHatWidgetExtension */,
			);
		};
/* End PBXProject section */

/* Begin PBXResourcesBuildPhase section */
		C09CA0B022A6014900B28214 /* Resources */ = {
			isa = PBXResourcesBuildPhase;
			buildActionMask = 2147483647;
			files = (
				C09CA0B522A6014A00B28214 /* Stickers.xcassets in Resources */,
			);
			runOnlyForDeploymentPostprocessing = 0;
		};
		C0CC27E322A5FF4F00EDA13E /* Resources */ = {
			isa = PBXResourcesBuildPhase;
			buildActionMask = 2147483647;
			files = (
				C0CC27F522A5FF5100EDA13E /* LaunchScreen.storyboard in Resources */,
				C0F5E42024A2BAE6004E7CCA /* Shared.xcassets in Resources */,
				C0CC27F222A5FF5100EDA13E /* Preview Assets.xcassets in Resources */,
				C0CC27EF22A5FF5100EDA13E /* Assets.xcassets in Resources */,
				C0D2C26922EF5F9400D79E99 /* FiraCode-Retina.otf in Resources */,
			);
			runOnlyForDeploymentPostprocessing = 0;
		};
		C0CC27FD22A6008900EDA13E /* Resources */ = {
			isa = PBXResourcesBuildPhase;
			buildActionMask = 2147483647;
			files = (
				C0CC280522A6008B00EDA13E /* Assets.xcassets in Resources */,
				C0CC280322A6008900EDA13E /* Interface.storyboard in Resources */,
			);
			runOnlyForDeploymentPostprocessing = 0;
		};
		C0CC280922A6008B00EDA13E /* Resources */ = {
			isa = PBXResourcesBuildPhase;
			buildActionMask = 2147483647;
			files = (
				C0CC282022A6008B00EDA13E /* Preview Assets.xcassets in Resources */,
				C0CC281D22A6008B00EDA13E /* Assets.xcassets in Resources */,
			);
			runOnlyForDeploymentPostprocessing = 0;
		};
		C0E4F87924A4246E007F48FC /* Resources */ = {
			isa = PBXResourcesBuildPhase;
			buildActionMask = 2147483647;
			files = (
				C0E4F88D24A424A8007F48FC /* Shared.xcassets in Resources */,
			);
			runOnlyForDeploymentPostprocessing = 0;
		};
/* End PBXResourcesBuildPhase section */

/* Begin PBXSourcesBuildPhase section */
		C0CC27E122A5FF4F00EDA13E /* Sources */ = {
			isa = PBXSourcesBuildPhase;
			buildActionMask = 2147483647;
			files = (
				C028459B24943C16006FD2A3 /* VideoView.swift in Sources */,
				C0F5E42E24A2CA4A004E7CCA /* MapView.swift in Sources */,
				C074559122CA87B100EA4132 /* StatusImgView.swift in Sources */,
				C085F3CC249F631900424269 /* VideoListView.swift in Sources */,
				C02ED82A25D3B3C400EFEC8A /* StatusData.swift in Sources */,
				C0CC27E922A5FF4F00EDA13E /* AppDelegate.swift in Sources */,
				C0F5E42924A2BE62004E7CCA /* EventDetailView.swift in Sources */,
				C0F89E6524A31966003689CA /* EventScroll.swift in Sources */,
				C0F5E42B24A2BE62004E7CCA /* EventListView.swift in Sources */,
				C0F5E41C24A2B8BC004E7CCA /* EmailView.swift in Sources */,
				C0D2C26B22EF609300D79E99 /* SpotifyView.swift in Sources */,
				C0F5E42A24A2BE62004E7CCA /* EventView.swift in Sources */,
				C085F3C1249F417D00424269 /* VideoDetailView.swift in Sources */,
				C0F5E42C24A2BE62004E7CCA /* EventScrollView.swift in Sources */,
				C0CC27EB22A5FF4F00EDA13E /* SceneDelegate.swift in Sources */,
				C085F3C7249F61BD00424269 /* VideoScroll.swift in Sources */,
				C0B0B5F825D37C38003C8E74 /* VideoData.swift in Sources */,
				C085F3C5249F5EF600424269 /* VideoScrollView.swift in Sources */,
				C0CC27ED22A5FF4F00EDA13E /* ContentView.swift in Sources */,
			);
			runOnlyForDeploymentPostprocessing = 0;
		};
		C0CC280722A6008B00EDA13E /* Sources */ = {
			isa = PBXSourcesBuildPhase;
			buildActionMask = 2147483647;
			files = (
				C0CC281322A6008B00EDA13E /* HostingController.swift in Sources */,
				C0CC281122A6008B00EDA13E /* ContentView.swift in Sources */,
				C0CC281722A6008B00EDA13E /* NotificationController.swift in Sources */,
				C0CC281522A6008B00EDA13E /* ExtensionDelegate.swift in Sources */,
				C0CC281922A6008B00EDA13E /* NotificationView.swift in Sources */,
				C0CC281B22A6008B00EDA13E /* ComplicationController.swift in Sources */,
			);
			runOnlyForDeploymentPostprocessing = 0;
		};
		C0E4F87724A4246E007F48FC /* Sources */ = {
			isa = PBXSourcesBuildPhase;
			buildActionMask = 2147483647;
			files = (
				C0E4F89224A4261C007F48FC /* WidgetView.swift in Sources */,
				C0E4F88224A4246E007F48FC /* WhiteHatWidget.swift in Sources */,
			);
			runOnlyForDeploymentPostprocessing = 0;
		};
/* End PBXSourcesBuildPhase section */

/* Begin PBXTargetDependency section */
		C09CA0B822A6014A00B28214 /* PBXTargetDependency */ = {
			isa = PBXTargetDependency;
			platformFilter = ios;
			target = C09CA0B122A6014900B28214 /* Sticker Extension */;
			targetProxy = C09CA0B722A6014A00B28214 /* PBXContainerItemProxy */;
		};
		C0CC280E22A6008B00EDA13E /* PBXTargetDependency */ = {
			isa = PBXTargetDependency;
			target = C0CC280A22A6008B00EDA13E /* Watch App Extension */;
			targetProxy = C0CC280D22A6008B00EDA13E /* PBXContainerItemProxy */;
		};
		C0CC282422A6008B00EDA13E /* PBXTargetDependency */ = {
			isa = PBXTargetDependency;
			platformFilter = ios;
			target = C0CC27FE22A6008900EDA13E /* Watch App */;
			targetProxy = C0CC282322A6008B00EDA13E /* PBXContainerItemProxy */;
		};
		C0E4F88724A4246E007F48FC /* PBXTargetDependency */ = {
			isa = PBXTargetDependency;
			target = C0E4F87A24A4246E007F48FC /* WhiteHatWidgetExtension */;
			targetProxy = C0E4F88624A4246E007F48FC /* PBXContainerItemProxy */;
		};
/* End PBXTargetDependency section */

/* Begin PBXVariantGroup section */
		C0CC27F322A5FF5100EDA13E /* LaunchScreen.storyboard */ = {
			isa = PBXVariantGroup;
			children = (
				C0CC27F422A5FF5100EDA13E /* Base */,
			);
			name = LaunchScreen.storyboard;
			sourceTree = "<group>";
		};
		C0CC280122A6008900EDA13E /* Interface.storyboard */ = {
			isa = PBXVariantGroup;
			children = (
				C0CC280222A6008900EDA13E /* Base */,
			);
			name = Interface.storyboard;
			sourceTree = "<group>";
		};
/* End PBXVariantGroup section */

/* Begin XCBuildConfiguration section */
		C09CA0BB22A6014A00B28214 /* Debug */ = {
			isa = XCBuildConfiguration;
			buildSettings = {
				ASSETCATALOG_COMPILER_APPICON_NAME = AppIcon;
				CODE_SIGN_STYLE = Automatic;
				CURRENT_PROJECT_VERSION = 3;
				DEVELOPMENT_TEAM = QR825BQSTL;
				INFOPLIST_FILE = "Sticker Extension/Info.plist";
				IPHONEOS_DEPLOYMENT_TARGET = 11.4;
				MARKETING_VERSION = 0.3.3;
				PRODUCT_BUNDLE_IDENTIFIER = "in.smpark.WH-SwiftUI.Sticker-Extension";
				PRODUCT_NAME = "$(TARGET_NAME)";
				SKIP_INSTALL = YES;
				TARGETED_DEVICE_FAMILY = "1,2";
			};
			name = Debug;
		};
		C09CA0BC22A6014A00B28214 /* Release */ = {
			isa = XCBuildConfiguration;
			buildSettings = {
				ASSETCATALOG_COMPILER_APPICON_NAME = AppIcon;
				CODE_SIGN_STYLE = Automatic;
				CURRENT_PROJECT_VERSION = 3;
				DEVELOPMENT_TEAM = QR825BQSTL;
				INFOPLIST_FILE = "Sticker Extension/Info.plist";
				IPHONEOS_DEPLOYMENT_TARGET = 11.4;
				MARKETING_VERSION = 0.3.3;
				PRODUCT_BUNDLE_IDENTIFIER = "in.smpark.WH-SwiftUI.Sticker-Extension";
				PRODUCT_NAME = "$(TARGET_NAME)";
				SKIP_INSTALL = YES;
				TARGETED_DEVICE_FAMILY = "1,2";
			};
			name = Release;
		};
		C0CC27F722A5FF5100EDA13E /* Debug */ = {
			isa = XCBuildConfiguration;
			buildSettings = {
				ALWAYS_SEARCH_USER_PATHS = NO;
				CLANG_ANALYZER_NONNULL = YES;
				CLANG_ANALYZER_NUMBER_OBJECT_CONVERSION = YES_AGGRESSIVE;
				CLANG_CXX_LANGUAGE_STANDARD = "gnu++14";
				CLANG_CXX_LIBRARY = "libc++";
				CLANG_ENABLE_MODULES = YES;
				CLANG_ENABLE_OBJC_ARC = YES;
				CLANG_ENABLE_OBJC_WEAK = YES;
				CLANG_WARN_BLOCK_CAPTURE_AUTORELEASING = YES;
				CLANG_WARN_BOOL_CONVERSION = YES;
				CLANG_WARN_COMMA = YES;
				CLANG_WARN_CONSTANT_CONVERSION = YES;
				CLANG_WARN_DEPRECATED_OBJC_IMPLEMENTATIONS = YES;
				CLANG_WARN_DIRECT_OBJC_ISA_USAGE = YES_ERROR;
				CLANG_WARN_DOCUMENTATION_COMMENTS = YES;
				CLANG_WARN_EMPTY_BODY = YES;
				CLANG_WARN_ENUM_CONVERSION = YES;
				CLANG_WARN_INFINITE_RECURSION = YES;
				CLANG_WARN_INT_CONVERSION = YES;
				CLANG_WARN_NON_LITERAL_NULL_CONVERSION = YES;
				CLANG_WARN_OBJC_IMPLICIT_RETAIN_SELF = YES;
				CLANG_WARN_OBJC_LITERAL_CONVERSION = YES;
				CLANG_WARN_OBJC_ROOT_CLASS = YES_ERROR;
				CLANG_WARN_QUOTED_INCLUDE_IN_FRAMEWORK_HEADER = YES;
				CLANG_WARN_RANGE_LOOP_ANALYSIS = YES;
				CLANG_WARN_STRICT_PROTOTYPES = YES;
				CLANG_WARN_SUSPICIOUS_MOVE = YES;
				CLANG_WARN_UNGUARDED_AVAILABILITY = YES_AGGRESSIVE;
				CLANG_WARN_UNREACHABLE_CODE = YES;
				CLANG_WARN__DUPLICATE_METHOD_MATCH = YES;
				COPY_PHASE_STRIP = NO;
				DEBUG_INFORMATION_FORMAT = dwarf;
				ENABLE_STRICT_OBJC_MSGSEND = YES;
				ENABLE_TESTABILITY = YES;
				GCC_C_LANGUAGE_STANDARD = gnu11;
				GCC_DYNAMIC_NO_PIC = NO;
				GCC_NO_COMMON_BLOCKS = YES;
				GCC_OPTIMIZATION_LEVEL = 0;
				GCC_PREPROCESSOR_DEFINITIONS = (
					"DEBUG=1",
					"$(inherited)",
				);
				GCC_WARN_64_TO_32_BIT_CONVERSION = YES;
				GCC_WARN_ABOUT_RETURN_TYPE = YES_ERROR;
				GCC_WARN_UNDECLARED_SELECTOR = YES;
				GCC_WARN_UNINITIALIZED_AUTOS = YES_AGGRESSIVE;
				GCC_WARN_UNUSED_FUNCTION = YES;
				GCC_WARN_UNUSED_VARIABLE = YES;
				IPHONEOS_DEPLOYMENT_TARGET = 13.0;
				MTL_ENABLE_DEBUG_INFO = INCLUDE_SOURCE;
				MTL_FAST_MATH = YES;
				ONLY_ACTIVE_ARCH = YES;
				SDKROOT = iphoneos;
				SWIFT_ACTIVE_COMPILATION_CONDITIONS = DEBUG;
				SWIFT_OPTIMIZATION_LEVEL = "-Onone";
			};
			name = Debug;
		};
		C0CC27F822A5FF5100EDA13E /* Release */ = {
			isa = XCBuildConfiguration;
			buildSettings = {
				ALWAYS_SEARCH_USER_PATHS = NO;
				CLANG_ANALYZER_NONNULL = YES;
				CLANG_ANALYZER_NUMBER_OBJECT_CONVERSION = YES_AGGRESSIVE;
				CLANG_CXX_LANGUAGE_STANDARD = "gnu++14";
				CLANG_CXX_LIBRARY = "libc++";
				CLANG_ENABLE_MODULES = YES;
				CLANG_ENABLE_OBJC_ARC = YES;
				CLANG_ENABLE_OBJC_WEAK = YES;
				CLANG_WARN_BLOCK_CAPTURE_AUTORELEASING = YES;
				CLANG_WARN_BOOL_CONVERSION = YES;
				CLANG_WARN_COMMA = YES;
				CLANG_WARN_CONSTANT_CONVERSION = YES;
				CLANG_WARN_DEPRECATED_OBJC_IMPLEMENTATIONS = YES;
				CLANG_WARN_DIRECT_OBJC_ISA_USAGE = YES_ERROR;
				CLANG_WARN_DOCUMENTATION_COMMENTS = YES;
				CLANG_WARN_EMPTY_BODY = YES;
				CLANG_WARN_ENUM_CONVERSION = YES;
				CLANG_WARN_INFINITE_RECURSION = YES;
				CLANG_WARN_INT_CONVERSION = YES;
				CLANG_WARN_NON_LITERAL_NULL_CONVERSION = YES;
				CLANG_WARN_OBJC_IMPLICIT_RETAIN_SELF = YES;
				CLANG_WARN_OBJC_LITERAL_CONVERSION = YES;
				CLANG_WARN_OBJC_ROOT_CLASS = YES_ERROR;
				CLANG_WARN_QUOTED_INCLUDE_IN_FRAMEWORK_HEADER = YES;
				CLANG_WARN_RANGE_LOOP_ANALYSIS = YES;
				CLANG_WARN_STRICT_PROTOTYPES = YES;
				CLANG_WARN_SUSPICIOUS_MOVE = YES;
				CLANG_WARN_UNGUARDED_AVAILABILITY = YES_AGGRESSIVE;
				CLANG_WARN_UNREACHABLE_CODE = YES;
				CLANG_WARN__DUPLICATE_METHOD_MATCH = YES;
				COPY_PHASE_STRIP = NO;
				DEBUG_INFORMATION_FORMAT = "dwarf-with-dsym";
				ENABLE_NS_ASSERTIONS = NO;
				ENABLE_STRICT_OBJC_MSGSEND = YES;
				GCC_C_LANGUAGE_STANDARD = gnu11;
				GCC_NO_COMMON_BLOCKS = YES;
				GCC_WARN_64_TO_32_BIT_CONVERSION = YES;
				GCC_WARN_ABOUT_RETURN_TYPE = YES_ERROR;
				GCC_WARN_UNDECLARED_SELECTOR = YES;
				GCC_WARN_UNINITIALIZED_AUTOS = YES_AGGRESSIVE;
				GCC_WARN_UNUSED_FUNCTION = YES;
				GCC_WARN_UNUSED_VARIABLE = YES;
				IPHONEOS_DEPLOYMENT_TARGET = 13.0;
				MTL_ENABLE_DEBUG_INFO = NO;
				MTL_FAST_MATH = YES;
				SDKROOT = iphoneos;
				SWIFT_COMPILATION_MODE = wholemodule;
				SWIFT_OPTIMIZATION_LEVEL = "-O";
				VALIDATE_PRODUCT = YES;
			};
			name = Release;
		};
		C0CC27FA22A5FF5100EDA13E /* Debug */ = {
			isa = XCBuildConfiguration;
			buildSettings = {
				ALWAYS_EMBED_SWIFT_STANDARD_LIBRARIES = "$(inherited)";
				ASSETCATALOG_COMPILER_APPICON_NAME = AppIcon;
				CODE_SIGN_ENTITLEMENTS = "WH-SwiftUI/WH-SwiftUI.entitlements";
				"CODE_SIGN_IDENTITY[sdk=macosx*]" = "Apple Development";
				CODE_SIGN_STYLE = Automatic;
				CURRENT_PROJECT_VERSION = 3;
				DERIVE_UIKITFORMAC_PRODUCT_BUNDLE_IDENTIFIER = YES;
				DEVELOPMENT_ASSET_PATHS = "WH-SwiftUI/Preview\\ Content";
				DEVELOPMENT_TEAM = QR825BQSTL;
				ENABLE_PREVIEWS = YES;
				INFOPLIST_FILE = "WH-SwiftUI/Info.plist";
				IPHONEOS_DEPLOYMENT_TARGET = 14.0;
				LD_RUNPATH_SEARCH_PATHS = (
					"$(inherited)",
					"@executable_path/Frameworks",
				);
				MARKETING_VERSION = 0.3.3;
				OTHER_LDFLAGS = "$(inherited)";
				PRODUCT_BUNDLE_IDENTIFIER = "in.smpark.WH-SwiftUI";
				PRODUCT_NAME = "$(TARGET_NAME)";
				SUPPORTS_UIKITFORMAC = YES;
				SWIFT_VERSION = 5.0;
				TARGETED_DEVICE_FAMILY = "1,2";
			};
			name = Debug;
		};
		C0CC27FB22A5FF5100EDA13E /* Release */ = {
			isa = XCBuildConfiguration;
			buildSettings = {
				ALWAYS_EMBED_SWIFT_STANDARD_LIBRARIES = "$(inherited)";
				ASSETCATALOG_COMPILER_APPICON_NAME = AppIcon;
				CODE_SIGN_ENTITLEMENTS = "WH-SwiftUI/WH-SwiftUI.entitlements";
				"CODE_SIGN_IDENTITY[sdk=macosx*]" = "Apple Development";
				CODE_SIGN_STYLE = Automatic;
				CURRENT_PROJECT_VERSION = 3;
				DERIVE_UIKITFORMAC_PRODUCT_BUNDLE_IDENTIFIER = YES;
				DEVELOPMENT_ASSET_PATHS = "WH-SwiftUI/Preview\\ Content";
				DEVELOPMENT_TEAM = QR825BQSTL;
				ENABLE_PREVIEWS = YES;
				INFOPLIST_FILE = "WH-SwiftUI/Info.plist";
				IPHONEOS_DEPLOYMENT_TARGET = 14.0;
				LD_RUNPATH_SEARCH_PATHS = (
					"$(inherited)",
					"@executable_path/Frameworks",
				);
				MARKETING_VERSION = 0.3.3;
				OTHER_LDFLAGS = (
					"$(inherited)",
					"-ObjC",
				);
				PRODUCT_BUNDLE_IDENTIFIER = "in.smpark.WH-SwiftUI";
				PRODUCT_NAME = "$(TARGET_NAME)";
				SUPPORTS_UIKITFORMAC = YES;
				SWIFT_VERSION = 5.0;
				TARGETED_DEVICE_FAMILY = "1,2";
			};
			name = Release;
		};
		C0CC282722A6008B00EDA13E /* Debug */ = {
			isa = XCBuildConfiguration;
			buildSettings = {
				ASSETCATALOG_COMPILER_COMPLICATION_NAME = Complication;
				CODE_SIGN_STYLE = Automatic;
				CURRENT_PROJECT_VERSION = 3;
				DEVELOPMENT_ASSET_PATHS = "\"Watch App Extension\"/Preview\\ Content";
				DEVELOPMENT_TEAM = QR825BQSTL;
				ENABLE_PREVIEWS = YES;
				INFOPLIST_FILE = "Watch App Extension/Info.plist";
				LD_RUNPATH_SEARCH_PATHS = (
					"$(inherited)",
					"@executable_path/Frameworks",
					"@executable_path/../../Frameworks",
				);
				MARKETING_VERSION = 0.3.3;
				PRODUCT_BUNDLE_IDENTIFIER = "in.smpark.WH-SwiftUI.watchkitapp.watchkitextension";
				PRODUCT_NAME = "${TARGET_NAME}";
				SDKROOT = watchos;
				SKIP_INSTALL = YES;
				SWIFT_VERSION = 5.0;
				TARGETED_DEVICE_FAMILY = 4;
				WATCHOS_DEPLOYMENT_TARGET = 7.0;
			};
			name = Debug;
		};
		C0CC282822A6008B00EDA13E /* Release */ = {
			isa = XCBuildConfiguration;
			buildSettings = {
				ASSETCATALOG_COMPILER_COMPLICATION_NAME = Complication;
				CODE_SIGN_STYLE = Automatic;
				CURRENT_PROJECT_VERSION = 3;
				DEVELOPMENT_ASSET_PATHS = "\"Watch App Extension\"/Preview\\ Content";
				DEVELOPMENT_TEAM = QR825BQSTL;
				ENABLE_PREVIEWS = YES;
				INFOPLIST_FILE = "Watch App Extension/Info.plist";
				LD_RUNPATH_SEARCH_PATHS = (
					"$(inherited)",
					"@executable_path/Frameworks",
					"@executable_path/../../Frameworks",
				);
				MARKETING_VERSION = 0.3.3;
				PRODUCT_BUNDLE_IDENTIFIER = "in.smpark.WH-SwiftUI.watchkitapp.watchkitextension";
				PRODUCT_NAME = "${TARGET_NAME}";
				SDKROOT = watchos;
				SKIP_INSTALL = YES;
				SWIFT_VERSION = 5.0;
				TARGETED_DEVICE_FAMILY = 4;
				WATCHOS_DEPLOYMENT_TARGET = 7.0;
			};
			name = Release;
		};
		C0CC282B22A6008B00EDA13E /* Debug */ = {
			isa = XCBuildConfiguration;
			buildSettings = {
				ALWAYS_EMBED_SWIFT_STANDARD_LIBRARIES = YES;
				ASSETCATALOG_COMPILER_APPICON_NAME = AppIcon;
				CODE_SIGN_STYLE = Automatic;
				CURRENT_PROJECT_VERSION = 3;
				DEVELOPMENT_TEAM = QR825BQSTL;
				IBSC_MODULE = Watch_App_Extension;
				INFOPLIST_FILE = "Watch App/Info.plist";
				MARKETING_VERSION = 0.3.3;
				PRODUCT_BUNDLE_IDENTIFIER = "in.smpark.WH-SwiftUI.watchkitapp";
				PRODUCT_NAME = "$(TARGET_NAME)";
				SDKROOT = watchos;
				SKIP_INSTALL = YES;
				SWIFT_VERSION = 5.0;
				TARGETED_DEVICE_FAMILY = 4;
				WATCHOS_DEPLOYMENT_TARGET = 7.0;
			};
			name = Debug;
		};
		C0CC282C22A6008B00EDA13E /* Release */ = {
			isa = XCBuildConfiguration;
			buildSettings = {
				ALWAYS_EMBED_SWIFT_STANDARD_LIBRARIES = YES;
				ASSETCATALOG_COMPILER_APPICON_NAME = AppIcon;
				CODE_SIGN_STYLE = Automatic;
				CURRENT_PROJECT_VERSION = 3;
				DEVELOPMENT_TEAM = QR825BQSTL;
				IBSC_MODULE = Watch_App_Extension;
				INFOPLIST_FILE = "Watch App/Info.plist";
				MARKETING_VERSION = 0.3.3;
				PRODUCT_BUNDLE_IDENTIFIER = "in.smpark.WH-SwiftUI.watchkitapp";
				PRODUCT_NAME = "$(TARGET_NAME)";
				SDKROOT = watchos;
				SKIP_INSTALL = YES;
				SWIFT_VERSION = 5.0;
				TARGETED_DEVICE_FAMILY = 4;
				WATCHOS_DEPLOYMENT_TARGET = 7.0;
			};
			name = Release;
		};
		C0E4F88B24A4246E007F48FC /* Debug */ = {
			isa = XCBuildConfiguration;
			buildSettings = {
				ASSETCATALOG_COMPILER_GLOBAL_ACCENT_COLOR_NAME = AccentColor;
				ASSETCATALOG_COMPILER_WIDGET_BACKGROUND_COLOR_NAME = WidgetBackground;
				CODE_SIGN_ENTITLEMENTS = WhiteHatWidgetExtension.entitlements;
				CODE_SIGN_STYLE = Automatic;
				CURRENT_PROJECT_VERSION = 3;
				DEVELOPMENT_TEAM = QR825BQSTL;
				INFOPLIST_FILE = WhiteHatWidget/Info.plist;
				IPHONEOS_DEPLOYMENT_TARGET = 14.0;
				LD_RUNPATH_SEARCH_PATHS = (
					"$(inherited)",
					"@executable_path/Frameworks",
					"@executable_path/../../Frameworks",
				);
				MARKETING_VERSION = 0.3.3;
				PRODUCT_BUNDLE_IDENTIFIER = "in.smpark.WH-SwiftUI.WhiteHatWidget";
				PRODUCT_NAME = "$(TARGET_NAME)";
				SKIP_INSTALL = YES;
				SUPPORTS_MACCATALYST = YES;
				SWIFT_VERSION = 5.0;
				TARGETED_DEVICE_FAMILY = "1,2";
			};
			name = Debug;
		};
		C0E4F88C24A4246E007F48FC /* Release */ = {
			isa = XCBuildConfiguration;
			buildSettings = {
				ASSETCATALOG_COMPILER_GLOBAL_ACCENT_COLOR_NAME = AccentColor;
				ASSETCATALOG_COMPILER_WIDGET_BACKGROUND_COLOR_NAME = WidgetBackground;
				CODE_SIGN_ENTITLEMENTS = WhiteHatWidgetExtension.entitlements;
				CODE_SIGN_STYLE = Automatic;
				CURRENT_PROJECT_VERSION = 3;
				DEVELOPMENT_TEAM = QR825BQSTL;
				INFOPLIST_FILE = WhiteHatWidget/Info.plist;
				IPHONEOS_DEPLOYMENT_TARGET = 14.0;
				LD_RUNPATH_SEARCH_PATHS = (
					"$(inherited)",
					"@executable_path/Frameworks",
					"@executable_path/../../Frameworks",
				);
				MARKETING_VERSION = 0.3.3;
				PRODUCT_BUNDLE_IDENTIFIER = "in.smpark.WH-SwiftUI.WhiteHatWidget";
				PRODUCT_NAME = "$(TARGET_NAME)";
				SKIP_INSTALL = YES;
				SUPPORTS_MACCATALYST = YES;
				SWIFT_VERSION = 5.0;
				TARGETED_DEVICE_FAMILY = "1,2";
			};
			name = Release;
		};
/* End XCBuildConfiguration section */

/* Begin XCConfigurationList section */
		C09CA0BD22A6014A00B28214 /* Build configuration list for PBXNativeTarget "Sticker Extension" */ = {
			isa = XCConfigurationList;
			buildConfigurations = (
				C09CA0BB22A6014A00B28214 /* Debug */,
				C09CA0BC22A6014A00B28214 /* Release */,
			);
			defaultConfigurationIsVisible = 0;
			defaultConfigurationName = Release;
		};
		C0CC27E022A5FF4F00EDA13E /* Build configuration list for PBXProject "WH-SwiftUI" */ = {
			isa = XCConfigurationList;
			buildConfigurations = (
				C0CC27F722A5FF5100EDA13E /* Debug */,
				C0CC27F822A5FF5100EDA13E /* Release */,
			);
			defaultConfigurationIsVisible = 0;
			defaultConfigurationName = Release;
		};
		C0CC27F922A5FF5100EDA13E /* Build configuration list for PBXNativeTarget "WH-SwiftUI" */ = {
			isa = XCConfigurationList;
			buildConfigurations = (
				C0CC27FA22A5FF5100EDA13E /* Debug */,
				C0CC27FB22A5FF5100EDA13E /* Release */,
			);
			defaultConfigurationIsVisible = 0;
			defaultConfigurationName = Release;
		};
		C0CC282622A6008B00EDA13E /* Build configuration list for PBXNativeTarget "Watch App Extension" */ = {
			isa = XCConfigurationList;
			buildConfigurations = (
				C0CC282722A6008B00EDA13E /* Debug */,
				C0CC282822A6008B00EDA13E /* Release */,
			);
			defaultConfigurationIsVisible = 0;
			defaultConfigurationName = Release;
		};
		C0CC282A22A6008B00EDA13E /* Build configuration list for PBXNativeTarget "Watch App" */ = {
			isa = XCConfigurationList;
			buildConfigurations = (
				C0CC282B22A6008B00EDA13E /* Debug */,
				C0CC282C22A6008B00EDA13E /* Release */,
			);
			defaultConfigurationIsVisible = 0;
			defaultConfigurationName = Release;
		};
		C0E4F88A24A4246E007F48FC /* Build configuration list for PBXNativeTarget "WhiteHatWidgetExtension" */ = {
			isa = XCConfigurationList;
			buildConfigurations = (
				C0E4F88B24A4246E007F48FC /* Debug */,
				C0E4F88C24A4246E007F48FC /* Release */,
			);
			defaultConfigurationIsVisible = 0;
			defaultConfigurationName = Release;
		};
/* End XCConfigurationList section */

/* Begin XCRemoteSwiftPackageReference section */
		C0F87A8E22F0B77C00C2C991 /* XCRemoteSwiftPackageReference "url-image" */ = {
			isa = XCRemoteSwiftPackageReference;
			repositoryURL = "https://github.com/dmytro-anokhin/url-image.git";
			requirement = {
				kind = upToNextMajorVersion;
				minimumVersion = 0.4.0;
			};
		};
/* End XCRemoteSwiftPackageReference section */

/* Begin XCSwiftPackageProductDependency section */
		C0F87A8F22F0B77C00C2C991 /* URLImage */ = {
			isa = XCSwiftPackageProductDependency;
			package = C0F87A8E22F0B77C00C2C991 /* XCRemoteSwiftPackageReference "url-image" */;
			productName = URLImage;
		};
/* End XCSwiftPackageProductDependency section */
	};
	rootObject = C0CC27DD22A5FF4F00EDA13E /* Project object */;
}
